Microsoft Visual Studio Solution File, Format Version 11.00
# Visual Studio 2008

Project("{0EB0CEE6-1D32-CDFC-05DB-6236D671E964}") = "Pong Tong", "Assembly-UnityScript.unityproj", "{B0C4C179-1E3C-6B90-4AF3-D8513BBB73FD}"
EndProject
Global
	GlobalSection(SolutionConfigurationPlatforms) = preSolution
		Debug|Any CPU = Debug|Any CPU
		Release|Any CPU = Release|Any CPU
	EndGlobalSection
	GlobalSection(ProjectConfigurationPlatforms) = postSolution
		{B0C4C179-1E3C-6B90-4AF3-D8513BBB73FD}.Debug|Any CPU.ActiveCfg = Debug|Any CPU
		{B0C4C179-1E3C-6B90-4AF3-D8513BBB73FD}.Debug|Any CPU.Build.0 = Debug|Any CPU
		{B0C4C179-1E3C-6B90-4AF3-D8513BBB73FD}.Release|Any CPU.ActiveCfg = Release|Any CPU
		{B0C4C179-1E3C-6B90-4AF3-D8513BBB73FD}.Release|Any CPU.Build.0 = Release|Any CPU
	EndGlobalSection
	GlobalSection(SolutionProperties) = preSolution
		HideSolutionNode = FALSE
	EndGlobalSection
			GlobalSection(MonoDevelopProperties) = preSolution
		StartupItem = Assembly-CSharp.csproj
		Policies = $0
		$0.TextStylePolicy = $1
		$1.inheritsSet = null
		$1.scope = text/x-csharp
		$0.CSharpFormattingPolicy = $2
		$2.inheritsSet = Mono
		$2.inheritsScope = text/x-csharp
		$2.scope = text/x-csharp
		$0.TextStylePolicy = $3
		$3.FileWidth = 120
		$3.TabWidth = 4
		$3.EolMarker = Unix
		$3.inheritsSet = Mono
		$3.inheritsScope = text/plain
		$3.scope = text/plain
	EndGlobalSection

EndGlobal
